
Microsoft Visual Studio Solution File, Format Version 12.00
# Visual Studio Version 17
VisualStudioVersion = 17.7.33808.371
MinimumVisualStudioVersion = 10.0.40219.1
Project("{FAE04EC0-301F-11D3-BF4B-00C04F79EFBC}") = "WebApplication2", "WebApplication2\WebApplication2.csproj", "{C4F5D41A-D3B5-4821-8D18-F0291571041C}"
EndProject
Global
	GlobalSection(SolutionConfigurationPlatforms) = preSolution
		Debug|Any CPU = Debug|Any CPU
		Release|Any CPU = Release|Any CPU
	EndGlobalSection
	GlobalSection(ProjectConfigurationPlatforms) = postSolution
		{C4F5D41A-D3B5-4821-8D18-F0291571041C}.Debug|Any CPU.ActiveCfg = Debug|Any CPU
		{C4F5D41A-D3B5-4821-8D18-F0291571041C}.Debug|Any CPU.Build.0 = Debug|Any CPU
		{C4F5D41A-D3B5-4821-8D18-F0291571041C}.Release|Any CPU.ActiveCfg = Release|Any CPU
		{C4F5D41A-D3B5-4821-8D18-F0291571041C}.Release|Any CPU.Build.0 = Release|Any CPU
	EndGlobalSection
	GlobalSection(SolutionProperties) = preSolution
		HideSolutionNode = FALSE
	EndGlobalSection
	GlobalSection(ExtensibilityGlobals) = postSolution
		SolutionGuid = {BF470B26-2637-4339-AF65-7A0323084F8C}
	EndGlobalSection
EndGlobal
